
Microsoft Visual Studio Solution File, Format Version 12.00
# Visual Studio Version 16
VisualStudioVersion = 16.0.33027.164
MinimumVisualStudioVersion = 10.0.40219.1
Project("{FAE04EC0-301F-11D3-BF4B-00C04F79EFBC}") = "KayaBank_WepApiCrudMVC", "KayaBank_WepApiCrudMVC\KayaBank_WepApiCrudMVC.csproj", "{7C143063-2EB7-421C-9544-D89F91454F1D}"
EndProject
Project("{FAE04EC0-301F-11D3-BF4B-00C04F79EFBC}") = "API", "API\API.csproj", "{D37CF7F6-6B8F-45FD-B598-3E368B2A78C1}"
EndProject
Global
	GlobalSection(SolutionConfigurationPlatforms) = preSolution
		Debug|Any CPU = Debug|Any CPU
		Release|Any CPU = Release|Any CPU
	EndGlobalSection
	GlobalSection(ProjectConfigurationPlatforms) = postSolution
		{7C143063-2EB7-421C-9544-D89F91454F1D}.Debug|Any CPU.ActiveCfg = Debug|Any CPU
		{7C143063-2EB7-421C-9544-D89F91454F1D}.Debug|Any CPU.Build.0 = Debug|Any CPU
		{7C143063-2EB7-421C-9544-D89F91454F1D}.Release|Any CPU.ActiveCfg = Release|Any CPU
		{7C143063-2EB7-421C-9544-D89F91454F1D}.Release|Any CPU.Build.0 = Release|Any CPU
		{D37CF7F6-6B8F-45FD-B598-3E368B2A78C1}.Debug|Any CPU.ActiveCfg = Debug|Any CPU
		{D37CF7F6-6B8F-45FD-B598-3E368B2A78C1}.Debug|Any CPU.Build.0 = Debug|Any CPU
		{D37CF7F6-6B8F-45FD-B598-3E368B2A78C1}.Release|Any CPU.ActiveCfg = Release|Any CPU
		{D37CF7F6-6B8F-45FD-B598-3E368B2A78C1}.Release|Any CPU.Build.0 = Release|Any CPU
	EndGlobalSection
	GlobalSection(SolutionProperties) = preSolution
		HideSolutionNode = FALSE
	EndGlobalSection
	GlobalSection(ExtensibilityGlobals) = postSolution
		SolutionGuid = {288911E1-BD5A-40A8-AC1B-03C0272412D7}
	EndGlobalSection
EndGlobal
